{
  "lockfileVersion": 1,
  "workspaces": {
    "": {
      "name": "hextok",
      "dependencies": {
        "lynx-js-linking": "^0.1.0",
      },
    },
  },
  "packages": {
    "@lynx-js/types": ["@lynx-js/types@3.4.11", "", { "dependencies": { "csstype": "3.1.3" } }, "sha512-k4mu4d2xmMqMIP1e7WGPdzO/k9x9W35b/OE/awalQUbcLlruFatagEOEM6TANK/VuRvEl0eLXQjhBnSwGkgt5w=="],

    "csstype": ["csstype@3.1.3", "", {}, "sha512-M1uQkMl8rQK/szD0LNhtqxIPLpimGm8sOBwU7lLnCpSbTyY3yeU1Vc7l4KT5zT4s/yOxHH5O7tIuuLOCnLADRw=="],

    "lynx-js-linking": ["lynx-js-linking@0.1.0", "", { "dependencies": { "@lynx-js/types": "^3.4.11" } }, "sha512-6yNIjOBRq8M7ig58GfNdb0rswpRdUSCs5dis+Cg7RD7ZteN5xJ/wDT5jBOV8B5n1LIbj8f9aLQuzX7s+8smNvg=="],
  }
}
